
Microsoft Visual Studio Solution File, Format Version 12.00
# Visual Studio Version 17
VisualStudioVersion = 17.3.32811.315
MinimumVisualStudioVersion = 10.0.40219.1
Project("{FAE04EC0-301F-11D3-BF4B-00C04F79EFBC}") = "SeguroCelular", "SeguroCelular\SeguroCelular.csproj", "{2C3A5E2C-A57B-4FF8-8D04-9A1BA486EAE9}"
EndProject
Global
	GlobalSection(SolutionConfigurationPlatforms) = preSolution
		Debug|Any CPU = Debug|Any CPU
		Release|Any CPU = Release|Any CPU
	EndGlobalSection
	GlobalSection(ProjectConfigurationPlatforms) = postSolution
		{2C3A5E2C-A57B-4FF8-8D04-9A1BA486EAE9}.Debug|Any CPU.ActiveCfg = Debug|Any CPU
		{2C3A5E2C-A57B-4FF8-8D04-9A1BA486EAE9}.Debug|Any CPU.Build.0 = Debug|Any CPU
		{2C3A5E2C-A57B-4FF8-8D04-9A1BA486EAE9}.Release|Any CPU.ActiveCfg = Release|Any CPU
		{2C3A5E2C-A57B-4FF8-8D04-9A1BA486EAE9}.Release|Any CPU.Build.0 = Release|Any CPU
	EndGlobalSection
	GlobalSection(SolutionProperties) = preSolution
		HideSolutionNode = FALSE
	EndGlobalSection
	GlobalSection(ExtensibilityGlobals) = postSolution
		SolutionGuid = {3067562E-0AA5-4968-94A3-E2D874737154}
	EndGlobalSection
EndGlobal
